{
  "name": "QLRapchieuphim",
  "lockfileVersion": 3,
  "requires": true,
  "packages": {
    "": {
      "dependencies": {
        "@momo-miniapp/api": "^0.0.1-security"
      }
    },
    "node_modules/@momo-miniapp/api": {
      "version": "0.0.1-security",
      "resolved": "https://registry.npmjs.org/@momo-miniapp/api/-/api-0.0.1-security.tgz",
      "integrity": "sha512-yE2f85fAhHhQTIil9jpYw/gja8Tl8QujK36AJJCm/oYScgxMfrIWUEwOPReQq0NHz61vxsdhz3N3dSbIbMVycQ=="
    }
  }
}
